Microsoft Visual Studio Solution File, Format Version 12.00
# Visual Studio Version 17
VisualStudioVersion = 17.5.2.0
MinimumVisualStudioVersion = 10.0.40219.1
Project("{FAE04EC0-301F-11D3-BF4B-00C04F79EFBC}") = "EuSouGroot", "EuSouGroot.csproj", "{683829F0-0289-4387-EEAD-AEF7B5EF7636}"
EndProject
Global
	GlobalSection(SolutionConfigurationPlatforms) = preSolution
		Debug|Any CPU = Debug|Any CPU
		Release|Any CPU = Release|Any CPU
	EndGlobalSection
	GlobalSection(ProjectConfigurationPlatforms) = postSolution
		{683829F0-0289-4387-EEAD-AEF7B5EF7636}.Debug|Any CPU.ActiveCfg = Debug|Any CPU
		{683829F0-0289-4387-EEAD-AEF7B5EF7636}.Debug|Any CPU.Build.0 = Debug|Any CPU
		{683829F0-0289-4387-EEAD-AEF7B5EF7636}.Release|Any CPU.ActiveCfg = Release|Any CPU
		{683829F0-0289-4387-EEAD-AEF7B5EF7636}.Release|Any CPU.Build.0 = Release|Any CPU
	EndGlobalSection
	GlobalSection(SolutionProperties) = preSolution
		HideSolutionNode = FALSE
	EndGlobalSection
	GlobalSection(ExtensibilityGlobals) = postSolution
		SolutionGuid = {80B98DE6-1E96-4D41-AB56-4E40B99CCC95}
	EndGlobalSection
EndGlobal
